
Microsoft Visual Studio Solution File, Format Version 12.00
# Visual Studio Version 17
VisualStudioVersion = 17.11.35303.130
MinimumVisualStudioVersion = 10.0.40219.1
Project("{9A19103F-16F7-4668-BE54-9A1E7A4F7556}") = "CSharpAbstract", "src\CSharpAbstract.csproj", "{BFEAAB3E-0CB3-47E1-BDAF-8E61BDF0D3F8}"
EndProject
Global
	GlobalSection(SolutionConfigurationPlatforms) = preSolution
		Debug|Any CPU = Debug|Any CPU
		Release|Any CPU = Release|Any CPU
	EndGlobalSection
	GlobalSection(ProjectConfigurationPlatforms) = postSolution
		{BFEAAB3E-0CB3-47E1-BDAF-8E61BDF0D3F8}.Debug|Any CPU.ActiveCfg = Debug|Any CPU
		{BFEAAB3E-0CB3-47E1-BDAF-8E61BDF0D3F8}.Debug|Any CPU.Build.0 = Debug|Any CPU
		{BFEAAB3E-0CB3-47E1-BDAF-8E61BDF0D3F8}.Release|Any CPU.ActiveCfg = Release|Any CPU
		{BFEAAB3E-0CB3-47E1-BDAF-8E61BDF0D3F8}.Release|Any CPU.Build.0 = Release|Any CPU
	EndGlobalSection
	GlobalSection(SolutionProperties) = preSolution
		HideSolutionNode = FALSE
	EndGlobalSection
	GlobalSection(ExtensibilityGlobals) = postSolution
		SolutionGuid = {7F38797F-263C-4283-8425-652C06BF7FA9}
	EndGlobalSection
EndGlobal
